// !$*UTF8*$!
{
	archiveVersion = 1;
	classes = {
	};
	objectVersion = 46;
	objects = {

/* Begin PBXBuildFile section */
		5BC8E42C1AAA20E1007BF404 /* main.cpp in Sources */ = {isa = PBXBuildFile; fileRef = 5BC8E42B1AAA20E1007BF404 /* main.cpp */; };
		5BC8E4341AAA2133007BF404 /* rngs.c in Sources */ = {isa = PBXBuildFile; fileRef = 5BC8E4321AAA2133007BF404 /* rngs.c */; };
/* End PBXBuildFile section */

/* Begin PBXCopyFilesBuildPhase section */
		5BC8E4261AAA20E1007BF404 /* CopyFiles */ = {
			isa = PBXCopyFilesBuildPhase;
			buildActionMask = 2147483647;
			dstPath = /usr/share/man/man1/;
			dstSubfolderSpec = 0;
			files = (
			);
			runOnlyForDeploymentPostprocessing = 1;
		};
/* End PBXCopyFilesBuildPhase section */

/* Begin PBXFileReference section */
		5BC8E4281AAA20E1007BF404 /* CSCI648HW5 */ = {isa = PBXFileReference; explicitFileType = "compiled.mach-o.executable"; includeInIndex = 0; path = CSCI648HW5; sourceTree = BUILT_PRODUCTS_DIR; };
		5BC8E42B1AAA20E1007BF404 /* main.cpp */ = {isa = PBXFileReference; lastKnownFileType = sourcecode.cpp.cpp; path = main.cpp; sourceTree = "<group>"; };
		5BC8E4321AAA2133007BF404 /* rngs.c */ = {isa = PBXFileReference; fileEncoding = 4; lastKnownFileType = sourcecode.c.c; path = rngs.c; sourceTree = "<group>"; };
		5BC8E4331AAA2133007BF404 /* rngs.h */ = {isa = PBXFileReference; fileEncoding = 4; lastKnownFileType = sourcecode.c.h; path = rngs.h; sourceTree = "<group>"; };
/* End PBXFileReference section */

/* Begin PBXFrameworksBuildPhase section */
		5BC8E4251AAA20E1007BF404 /* Frameworks */ = {
			isa = PBXFrameworksBuildPhase;
			buildActionMask = 2147483647;
			files = (
			);
			runOnlyForDeploymentPostprocessing = 0;
		};
/* End PBXFrameworksBuildPhase section */

/* Begin PBXGroup section */
		5BC8E41F1AAA20E1007BF404 = {
			isa = PBXGroup;
			children = (
				5BC8E42A1AAA20E1007BF404 /* CSCI648HW5 */,
				5BC8E4291AAA20E1007BF404 /* Products */,
			);
			sourceTree = "<group>";
		};
		5BC8E4291AAA20E1007BF404 /* Products */ = {
			isa = PBXGroup;
			children = (
				5BC8E4281AAA20E1007BF404 /* CSCI648HW5 */,
			);
			name = Products;
			sourceTree = "<group>";
		};
		5BC8E42A1AAA20E1007BF404 /* CSCI648HW5 */ = {
			isa = PBXGroup;
			children = (
				5BC8E4321AAA2133007BF404 /* rngs.c */,
				5BC8E4331AAA2133007BF404 /* rngs.h */,
				5BC8E42B1AAA20E1007BF404 /* main.cpp */,
			);
			path = CSCI648HW5;
			sourceTree = "<group>";
		};
/* End PBXGroup section */

/* Begin PBXNativeTarget section */
		5BC8E4271AAA20E1007BF404 /* CSCI648HW5 */ = {
			isa = PBXNativeTarget;
			buildConfigurationList = 5BC8E42F1AAA20E1007BF404 /* Build configuration list for PBXNativeTarget "CSCI648HW5" */;
			buildPhases = (
				5BC8E4241AAA20E1007BF404 /* Sources */,
				5BC8E4251AAA20E1007BF404 /* Frameworks */,
				5BC8E4261AAA20E1007BF404 /* CopyFiles */,
			);
			buildRules = (
			);
			dependencies = (
			);
			name = CSCI648HW5;
			productName = CSCI648HW5;
			productReference = 5BC8E4281AAA20E1007BF404 /* CSCI648HW5 */;
			productType = "com.apple.product-type.tool";
		};
/* End PBXNativeTarget section */

/* Begin PBXProject section */
		5BC8E4201AAA20E1007BF404 /* Project object */ = {
			isa = PBXProject;
			attributes = {
				LastUpgradeCheck = 0610;
				ORGANIZATIONNAME = "Sidi Chang";
				TargetAttributes = {
					5BC8E4271AAA20E1007BF404 = {
						CreatedOnToolsVersion = 6.1.1;
					};
				};
			};
			buildConfigurationList = 5BC8E4231AAA20E1007BF404 /* Build configuration list for PBXProject "CSCI648HW5" */;
			compatibilityVersion = "Xcode 3.2";
			developmentRegion = English;
			hasScannedForEncodings = 0;
			knownRegions = (
				en,
			);
			mainGroup = 5BC8E41F1AAA20E1007BF404;
			productRefGroup = 5BC8E4291AAA20E1007BF404 /* Products */;
			projectDirPath = "";
			projectRoot = "";
			targets = (
				5BC8E4271AAA20E1007BF404 /* CSCI648HW5 */,
			);
		};
/* End PBXProject section */

/* Begin PBXSourcesBuildPhase section */
		5BC8E4241AAA20E1007BF404 /* Sources */ = {
			isa = PBXSourcesBuildPhase;
			buildActionMask = 2147483647;
			files = (
				5BC8E42C1AAA20E1007BF404 /* main.cpp in Sources */,
				5BC8E4341AAA2133007BF404 /* rngs.c in Sources */,
			);
			runOnlyForDeploymentPostprocessing = 0;
		};
/* End PBXSourcesBuildPhase section */

/* Begin XCBuildConfiguration section */
		5BC8E42D1AAA20E1007BF404 /* Debug */ = {
			isa = XCBuildConfiguration;
			buildSettings = {
				ALWAYS_SEARCH_USER_PATHS = NO;
				CLANG_CXX_LANGUAGE_STANDARD = "gnu++0x";
				CLANG_CXX_LIBRARY = "libc++";
				CLANG_ENABLE_MODULES = YES;
				CLANG_ENABLE_OBJC_ARC = YES;
				CLANG_WARN_BOOL_CONVERSION = YES;
				CLANG_WARN_CONSTANT_CONVERSION = YES;
				CLANG_WARN_DIRECT_OBJC_ISA_USAGE = YES_ERROR;
				CLANG_WARN_EMPTY_BODY = YES;
				CLANG_WARN_ENUM_CONVERSION = YES;
				CLANG_WARN_INT_CONVERSION = YES;
				CLANG_WARN_OBJC_ROOT_CLASS = YES_ERROR;
				CLANG_WARN_UNREACHABLE_CODE = YES;
				CLANG_WARN__DUPLICATE_METHOD_MATCH = YES;
				COPY_PHASE_STRIP = NO;
				ENABLE_STRICT_OBJC_MSGSEND = YES;
				GCC_C_LANGUAGE_STANDARD = gnu99;
				GCC_DYNAMIC_NO_PIC = NO;
				GCC_OPTIMIZATION_LEVEL = 0;
				GCC_PREPROCESSOR_DEFINITIONS = (
					"DEBUG=1",
					"$(inherited)",
				);
				GCC_SYMBOLS_PRIVATE_EXTERN = NO;
				GCC_WARN_64_TO_32_BIT_CONVERSION = YES;
				GCC_WARN_ABOUT_RETURN_TYPE = YES_ERROR;
				GCC_WARN_UNDECLARED_SELECTOR = YES;
				GCC_WARN_UNINITIALIZED_AUTOS = YES_AGGRESSIVE;
				GCC_WARN_UNUSED_FUNCTION = YES;
				GCC_WARN_UNUSED_VARIABLE = YES;
				MACOSX_DEPLOYMENT_TARGET = 10.10;
				MTL_ENABLE_DEBUG_INFO = YES;
				ONLY_ACTIVE_ARCH = YES;
				SDKROOT = macosx;
			};
			name = Debug;
		};
		5BC8E42E1AAA20E1007BF404 /* Release */ = {
			isa = XCBuildConfiguration;
			buildSettings = {
				ALWAYS_SEARCH_USER_PATHS = NO;
				CLANG_CXX_LANGUAGE_STANDARD = "gnu++0x";
				CLANG_CXX_LIBRARY = "libc++";
				CLANG_ENABLE_MODULES = YES;
				CLANG_ENABLE_OBJC_ARC = YES;
				CLANG_WARN_BOOL_CONVERSION = YES;
				CLANG_WARN_CONSTANT_CONVERSION = YES;
				CLANG_WARN_DIRECT_OBJC_ISA_USAGE = YES_ERROR;
				CLANG_WARN_EMPTY_BODY = YES;
				CLANG_WARN_ENUM_CONVERSION = YES;
				CLANG_WARN_INT_CONVERSION = YES;
				CLANG_WARN_OBJC_ROOT_CLASS = YES_ERROR;
				CLANG_WARN_UNREACHABLE_CODE = YES;
				CLANG_WARN__DUPLICATE_METHOD_MATCH = YES;
				COPY_PHASE_STRIP = YES;
				DEBUG_INFORMATION_FORMAT = "dwarf-with-dsym";
				ENABLE_NS_ASSERTIONS = NO;
				ENABLE_STRICT_OBJC_MSGSEND = YES;
				GCC_C_LANGUAGE_STANDARD = gnu99;
				GCC_WARN_64_TO_32_BIT_CONVERSION = YES;
				GCC_WARN_ABOUT_RETURN_TYPE = YES_ERROR;
				GCC_WARN_UNDECLARED_SELECTOR = YES;
				GCC_WARN_UNINITIALIZED_AUTOS = YES_AGGRESSIVE;
				GCC_WARN_UNUSED_FUNCTION = YES;
				GCC_WARN_UNUSED_VARIABLE = YES;
				MACOSX_DEPLOYMENT_TARGET = 10.10;
				MTL_ENABLE_DEBUG_INFO = NO;
				SDKROOT = macosx;
			};
			name = Release;
		};
		5BC8E4301AAA20E1007BF404 /* Debug */ = {
			isa = XCBuildConfiguration;
			buildSettings = {
				PRODUCT_NAME = "$(TARGET_NAME)";
			};
			name = Debug;
		};
		5BC8E4311AAA20E1007BF404 /* Release */ = {
			isa = XCBuildConfiguration;
			buildSettings = {
				PRODUCT_NAME = "$(TARGET_NAME)";
			};
			name = Release;
		};
/* End XCBuildConfiguration section */

/* Begin XCConfigurationList section */
		5BC8E4231AAA20E1007BF404 /* Build configuration list for PBXProject "CSCI648HW5" */ = {
			isa = XCConfigurationList;
			buildConfigurations = (
				5BC8E42D1AAA20E1007BF404 /* Debug */,
				5BC8E42E1AAA20E1007BF404 /* Release */,
			);
			defaultConfigurationIsVisible = 0;
			defaultConfigurationName = Release;
		};
		5BC8E42F1AAA20E1007BF404 /* Build configuration list for PBXNativeTarget "CSCI648HW5" */ = {
			isa = XCConfigurationList;
			buildConfigurations = (
				5BC8E4301AAA20E1007BF404 /* Debug */,
				5BC8E4311AAA20E1007BF404 /* Release */,
			);
			defaultConfigurationIsVisible = 0;
		};
/* End XCConfigurationList section */
	};
	rootObject = 5BC8E4201AAA20E1007BF404 /* Project object */;
}
